
Microsoft Visual Studio Solution File, Format Version 12.00
# Visual Studio 16
Project("{FAE04EC0-301F-11D3-BF4B-00C04F79EFBC}") = "Assembly-CSharp", "Assembly-CSharp.csproj", "{A46E7820-F682-5578-FBD6-B5435E683BC6}"
EndProject
Project("{FAE04EC0-301F-11D3-BF4B-00C04F79EFBC}") = "Assembly-CSharp-Editor", "Assembly-CSharp-Editor.csproj", "{C06B93B7-7FD7-8220-1BCA-0AAA7E4E67D3}"
EndProject
Global
	GlobalSection(SolutionConfigurationPlatforms) = preSolution
		Debug|Any CPU = Debug|Any CPU
		Release|Any CPU = Release|Any CPU
	EndGlobalSection
	GlobalSection(ProjectConfigurationPlatforms) = postSolution
		{A46E7820-F682-5578-FBD6-B5435E683BC6}.Debug|Any CPU.ActiveCfg = Debug|Any CPU
		{A46E7820-F682-5578-FBD6-B5435E683BC6}.Debug|Any CPU.Build.0 = Debug|Any CPU
		{A46E7820-F682-5578-FBD6-B5435E683BC6}.Release|Any CPU.ActiveCfg = Release|Any CPU
		{A46E7820-F682-5578-FBD6-B5435E683BC6}.Release|Any CPU.Build.0 = Release|Any CPU
		{C06B93B7-7FD7-8220-1BCA-0AAA7E4E67D3}.Debug|Any CPU.ActiveCfg = Debug|Any CPU
		{C06B93B7-7FD7-8220-1BCA-0AAA7E4E67D3}.Debug|Any CPU.Build.0 = Debug|Any CPU
		{C06B93B7-7FD7-8220-1BCA-0AAA7E4E67D3}.Release|Any CPU.ActiveCfg = Release|Any CPU
		{C06B93B7-7FD7-8220-1BCA-0AAA7E4E67D3}.Release|Any CPU.Build.0 = Release|Any CPU
	EndGlobalSection
	GlobalSection(SolutionProperties) = preSolution
		HideSolutionNode = FALSE
	EndGlobalSection
EndGlobal
